
Microsoft Visual Studio Solution File, Format Version 12.00
# Visual Studio Version 17
VisualStudioVersion = 17.13.35818.85 d17.13
MinimumVisualStudioVersion = 10.0.40219.1
Project("{FAE04EC0-301F-11D3-BF4B-00C04F79EFBC}") = "assignment8", "assignment8.csproj", "{C6E788A3-F5E0-46A8-98BC-D74946BA2E82}"
EndProject
Global
	GlobalSection(SolutionConfigurationPlatforms) = preSolution
		Debug|Any CPU = Debug|Any CPU
		Release|Any CPU = Release|Any CPU
	EndGlobalSection
	GlobalSection(ProjectConfigurationPlatforms) = postSolution
		{C6E788A3-F5E0-46A8-98BC-D74946BA2E82}.Debug|Any CPU.ActiveCfg = Debug|Any CPU
		{C6E788A3-F5E0-46A8-98BC-D74946BA2E82}.Debug|Any CPU.Build.0 = Debug|Any CPU
		{C6E788A3-F5E0-46A8-98BC-D74946BA2E82}.Release|Any CPU.ActiveCfg = Release|Any CPU
		{C6E788A3-F5E0-46A8-98BC-D74946BA2E82}.Release|Any CPU.Build.0 = Release|Any CPU
	EndGlobalSection
	GlobalSection(SolutionProperties) = preSolution
		HideSolutionNode = FALSE
	EndGlobalSection
	GlobalSection(ExtensibilityGlobals) = postSolution
		SolutionGuid = {44F7D63C-6327-4D61-AE6E-204F884E7500}
	EndGlobalSection
EndGlobal
