
Microsoft Visual Studio Solution File, Format Version 12.00
# Visual Studio Version 17
VisualStudioVersion = 17.13.35818.85 d17.13
MinimumVisualStudioVersion = 10.0.40219.1
Project("{FAE04EC0-301F-11D3-BF4B-00C04F79EFBC}") = "assignment5_calculator", "assignment5_calculator.csproj", "{93C9C8C4-63FA-4789-AF8C-100BC1048BAF}"
EndProject
Global
	GlobalSection(SolutionConfigurationPlatforms) = preSolution
		Debug|Any CPU = Debug|Any CPU
		Release|Any CPU = Release|Any CPU
	EndGlobalSection
	GlobalSection(ProjectConfigurationPlatforms) = postSolution
		{93C9C8C4-63FA-4789-AF8C-100BC1048BAF}.Debug|Any CPU.ActiveCfg = Debug|Any CPU
		{93C9C8C4-63FA-4789-AF8C-100BC1048BAF}.Debug|Any CPU.Build.0 = Debug|Any CPU
		{93C9C8C4-63FA-4789-AF8C-100BC1048BAF}.Release|Any CPU.ActiveCfg = Release|Any CPU
		{93C9C8C4-63FA-4789-AF8C-100BC1048BAF}.Release|Any CPU.Build.0 = Release|Any CPU
	EndGlobalSection
	GlobalSection(SolutionProperties) = preSolution
		HideSolutionNode = FALSE
	EndGlobalSection
	GlobalSection(ExtensibilityGlobals) = postSolution
		SolutionGuid = {8F01DC0C-B50E-40AF-B714-A0908F93D24E}
	EndGlobalSection
EndGlobal
